// !$*UTF8*$!
{
	archiveVersion = 1;
	classes = {
	};
	objectVersion = 46;
	objects = {

/* Begin PBXBuildFile section */
		1F019A102F904B549BDF8974 /* libPods.a in Frameworks */ = {isa = PBXBuildFile; fileRef = 6BE24F9DB7F84565BD8CDB36 /* libPods.a */; };
		C4D4C5CC191F140100E3B533 /* Foundation.framework in Frameworks */ = {isa = PBXBuildFile; fileRef = C4D4C5CB191F140100E3B533 /* Foundation.framework */; };
		C4D4C5CE191F140100E3B533 /* CoreGraphics.framework in Frameworks */ = {isa = PBXBuildFile; fileRef = C4D4C5CD191F140100E3B533 /* CoreGraphics.framework */; };
		C4D4C5D0191F140100E3B533 /* UIKit.framework in Frameworks */ = {isa = PBXBuildFile; fileRef = C4D4C5CF191F140100E3B533 /* UIKit.framework */; };
		C4D4C5D6191F140100E3B533 /* InfoPlist.strings in Resources */ = {isa = PBXBuildFile; fileRef = C4D4C5D4191F140100E3B533 /* InfoPlist.strings */; };
		C4D4C5D8191F140100E3B533 /* main.m in Sources */ = {isa = PBXBuildFile; fileRef = C4D4C5D7191F140100E3B533 /* main.m */; };
		C4D4C5DC191F140100E3B533 /* DJAppDelegate.m in Sources */ = {isa = PBXBuildFile; fileRef = C4D4C5DB191F140100E3B533 /* DJAppDelegate.m */; };
		C4D4C5DE191F140100E3B533 /* Images.xcassets in Resources */ = {isa = PBXBuildFile; fileRef = C4D4C5DD191F140100E3B533 /* Images.xcassets */; };
		C4D4C5E5191F140100E3B533 /* XCTest.framework in Frameworks */ = {isa = PBXBuildFile; fileRef = C4D4C5E4191F140100E3B533 /* XCTest.framework */; };
		C4D4C5E6191F140100E3B533 /* Foundation.framework in Frameworks */ = {isa = PBXBuildFile; fileRef = C4D4C5CB191F140100E3B533 /* Foundation.framework */; };
		C4D4C5E7191F140100E3B533 /* UIKit.framework in Frameworks */ = {isa = PBXBuildFile; fileRef = C4D4C5CF191F140100E3B533 /* UIKit.framework */; };
		C4D4C5EF191F140100E3B533 /* InfoPlist.strings in Resources */ = {isa = PBXBuildFile; fileRef = C4D4C5ED191F140100E3B533 /* InfoPlist.strings */; };
		C4D4C5F1191F140100E3B533 /* ProgressTests.m in Sources */ = {isa = PBXBuildFile; fileRef = C4D4C5F0191F140100E3B533 /* ProgressTests.m */; };
		C4D4C5FB191F24C600E3B533 /* DJMainStoryBoard.storyboard in Resources */ = {isa = PBXBuildFile; fileRef = C4D4C5FA191F24C600E3B533 /* DJMainStoryBoard.storyboard */; };
		C4D4C601191F27D500E3B533 /* DJUserEntity.m in Sources */ = {isa = PBXBuildFile; fileRef = C4D4C600191F27D500E3B533 /* DJUserEntity.m */; };
		C4D4C604191F27E800E3B533 /* DJGroupEntity.m in Sources */ = {isa = PBXBuildFile; fileRef = C4D4C603191F27E800E3B533 /* DJGroupEntity.m */; };
		C4D4C607191F27FC00E3B533 /* DJTeamEntity.m in Sources */ = {isa = PBXBuildFile; fileRef = C4D4C606191F27FC00E3B533 /* DJTeamEntity.m */; };
		C4D4C60A191F281C00E3B533 /* DJTaskEntity.m in Sources */ = {isa = PBXBuildFile; fileRef = C4D4C609191F281C00E3B533 /* DJTaskEntity.m */; };
		C4D4C60D191F284E00E3B533 /* DJActionEntity.m in Sources */ = {isa = PBXBuildFile; fileRef = C4D4C60C191F284E00E3B533 /* DJActionEntity.m */; };
		C4D4C611191F28A700E3B533 /* DJUserModule.m in Sources */ = {isa = PBXBuildFile; fileRef = C4D4C610191F28A700E3B533 /* DJUserModule.m */; };
		C4D4C614191F28BD00E3B533 /* DJGroupModule.m in Sources */ = {isa = PBXBuildFile; fileRef = C4D4C613191F28BD00E3B533 /* DJGroupModule.m */; };
		C4D4C617191F28D000E3B533 /* DJTeamModule.m in Sources */ = {isa = PBXBuildFile; fileRef = C4D4C616191F28D000E3B533 /* DJTeamModule.m */; };
		C4D4C61A191F28E600E3B533 /* DJTaskModule.m in Sources */ = {isa = PBXBuildFile; fileRef = C4D4C619191F28E600E3B533 /* DJTaskModule.m */; };
		C4D4C61D191F290000E3B533 /* DJActionModule.m in Sources */ = {isa = PBXBuildFile; fileRef = C4D4C61C191F290000E3B533 /* DJActionModule.m */; };
		C4D4C620191F29D400E3B533 /* DJTaskCompletionMaintance.m in Sources */ = {isa = PBXBuildFile; fileRef = C4D4C61F191F29D400E3B533 /* DJTaskCompletionMaintance.m */; };
		C4D4C623191F29F700E3B533 /* DJTaskRemindMaintance.m in Sources */ = {isa = PBXBuildFile; fileRef = C4D4C622191F29F700E3B533 /* DJTaskRemindMaintance.m */; };
		C4D4C626191F2A1300E3B533 /* DJDataBase.m in Sources */ = {isa = PBXBuildFile; fileRef = C4D4C625191F2A1300E3B533 /* DJDataBase.m */; };
		C4D4C629191F317A00E3B533 /* DJTaskInGroupMaintance.m in Sources */ = {isa = PBXBuildFile; fileRef = C4D4C628191F317A00E3B533 /* DJTaskInGroupMaintance.m */; };
/* End PBXBuildFile section */

/* Begin PBXContainerItemProxy section */
		C4D4C5E8191F140100E3B533 /* PBXContainerItemProxy */ = {
			isa = PBXContainerItemProxy;
			containerPortal = C4D4C5C0191F140100E3B533 /* Project object */;
			proxyType = 1;
			remoteGlobalIDString = C4D4C5C7191F140100E3B533;
			remoteInfo = Progress;
		};
/* End PBXContainerItemProxy section */

/* Begin PBXFileReference section */
		4FC0F2A4172346FB9023C71B /* Pods.xcconfig */ = {isa = PBXFileReference; includeInIndex = 1; lastKnownFileType = text.xcconfig; name = Pods.xcconfig; path = Pods/Pods.xcconfig; sourceTree = "<group>"; };
		6BE24F9DB7F84565BD8CDB36 /* libPods.a */ = {isa = PBXFileReference; explicitFileType = archive.ar; includeInIndex = 0; path = libPods.a; sourceTree = BUILT_PRODUCTS_DIR; };
		C4D4C5C8191F140100E3B533 /* Progress.app */ = {isa = PBXFileReference; explicitFileType = wrapper.application; includeInIndex = 0; path = Progress.app; sourceTree = BUILT_PRODUCTS_DIR; };
		C4D4C5CB191F140100E3B533 /* Foundation.framework */ = {isa = PBXFileReference; lastKnownFileType = wrapper.framework; name = Foundation.framework; path = System/Library/Frameworks/Foundation.framework; sourceTree = SDKROOT; };
		C4D4C5CD191F140100E3B533 /* CoreGraphics.framework */ = {isa = PBXFileReference; lastKnownFileType = wrapper.framework; name = CoreGraphics.framework; path = System/Library/Frameworks/CoreGraphics.framework; sourceTree = SDKROOT; };
		C4D4C5CF191F140100E3B533 /* UIKit.framework */ = {isa = PBXFileReference; lastKnownFileType = wrapper.framework; name = UIKit.framework; path = System/Library/Frameworks/UIKit.framework; sourceTree = SDKROOT; };
		C4D4C5D3191F140100E3B533 /* Progress-Info.plist */ = {isa = PBXFileReference; lastKnownFileType = text.plist.xml; path = "Progress-Info.plist"; sourceTree = "<group>"; };
		C4D4C5D5191F140100E3B533 /* en */ = {isa = PBXFileReference; lastKnownFileType = text.plist.strings; name = en; path = en.lproj/InfoPlist.strings; sourceTree = "<group>"; };
		C4D4C5D7191F140100E3B533 /* main.m */ = {isa = PBXFileReference; lastKnownFileType = sourcecode.c.objc; path = main.m; sourceTree = "<group>"; };
		C4D4C5D9191F140100E3B533 /* Progress-Prefix.pch */ = {isa = PBXFileReference; lastKnownFileType = sourcecode.c.h; path = "Progress-Prefix.pch"; sourceTree = "<group>"; };
		C4D4C5DA191F140100E3B533 /* DJAppDelegate.h */ = {isa = PBXFileReference; lastKnownFileType = sourcecode.c.h; path = DJAppDelegate.h; sourceTree = "<group>"; };
		C4D4C5DB191F140100E3B533 /* DJAppDelegate.m */ = {isa = PBXFileReference; lastKnownFileType = sourcecode.c.objc; path = DJAppDelegate.m; sourceTree = "<group>"; };
		C4D4C5DD191F140100E3B533 /* Images.xcassets */ = {isa = PBXFileReference; lastKnownFileType = folder.assetcatalog; path = Images.xcassets; sourceTree = "<group>"; };
		C4D4C5E3191F140100E3B533 /* ProgressTests.xctest */ = {isa = PBXFileReference; explicitFileType = wrapper.cfbundle; includeInIndex = 0; path = ProgressTests.xctest; sourceTree = BUILT_PRODUCTS_DIR; };
		C4D4C5E4191F140100E3B533 /* XCTest.framework */ = {isa = PBXFileReference; lastKnownFileType = wrapper.framework; name = XCTest.framework; path = Library/Frameworks/XCTest.framework; sourceTree = DEVELOPER_DIR; };
		C4D4C5EC191F140100E3B533 /* ProgressTests-Info.plist */ = {isa = PBXFileReference; lastKnownFileType = text.plist.xml; path = "ProgressTests-Info.plist"; sourceTree = "<group>"; };
		C4D4C5EE191F140100E3B533 /* en */ = {isa = PBXFileReference; lastKnownFileType = text.plist.strings; name = en; path = en.lproj/InfoPlist.strings; sourceTree = "<group>"; };
		C4D4C5F0191F140100E3B533 /* ProgressTests.m */ = {isa = PBXFileReference; lastKnownFileType = sourcecode.c.objc; path = ProgressTests.m; sourceTree = "<group>"; };
		C4D4C5FA191F24C600E3B533 /* DJMainStoryBoard.storyboard */ = {isa = PBXFileReference; fileEncoding = 4; lastKnownFileType = file.storyboard; path = DJMainStoryBoard.storyboard; sourceTree = "<group>"; };
		C4D4C5FF191F27D500E3B533 /* DJUserEntity.h */ = {isa = PBXFileReference; fileEncoding = 4; lastKnownFileType = sourcecode.c.h; path = DJUserEntity.h; sourceTree = "<group>"; };
		C4D4C600191F27D500E3B533 /* DJUserEntity.m */ = {isa = PBXFileReference; fileEncoding = 4; lastKnownFileType = sourcecode.c.objc; path = DJUserEntity.m; sourceTree = "<group>"; };
		C4D4C602191F27E800E3B533 /* DJGroupEntity.h */ = {isa = PBXFileReference; fileEncoding = 4; lastKnownFileType = sourcecode.c.h; path = DJGroupEntity.h; sourceTree = "<group>"; };
		C4D4C603191F27E800E3B533 /* DJGroupEntity.m */ = {isa = PBXFileReference; fileEncoding = 4; lastKnownFileType = sourcecode.c.objc; path = DJGroupEntity.m; sourceTree = "<group>"; };
		C4D4C605191F27FC00E3B533 /* DJTeamEntity.h */ = {isa = PBXFileReference; fileEncoding = 4; lastKnownFileType = sourcecode.c.h; path = DJTeamEntity.h; sourceTree = "<group>"; };
		C4D4C606191F27FC00E3B533 /* DJTeamEntity.m */ = {isa = PBXFileReference; fileEncoding = 4; lastKnownFileType = sourcecode.c.objc; path = DJTeamEntity.m; sourceTree = "<group>"; };
		C4D4C608191F281C00E3B533 /* DJTaskEntity.h */ = {isa = PBXFileReference; fileEncoding = 4; lastKnownFileType = sourcecode.c.h; path = DJTaskEntity.h; sourceTree = "<group>"; };
		C4D4C609191F281C00E3B533 /* DJTaskEntity.m */ = {isa = PBXFileReference; fileEncoding = 4; lastKnownFileType = sourcecode.c.objc; path = DJTaskEntity.m; sourceTree = "<group>"; };
		C4D4C60B191F284E00E3B533 /* DJActionEntity.h */ = {isa = PBXFileReference; fileEncoding = 4; lastKnownFileType = sourcecode.c.h; path = DJActionEntity.h; sourceTree = "<group>"; };
		C4D4C60C191F284E00E3B533 /* DJActionEntity.m */ = {isa = PBXFileReference; fileEncoding = 4; lastKnownFileType = sourcecode.c.objc; path = DJActionEntity.m; sourceTree = "<group>"; };
		C4D4C60F191F28A700E3B533 /* DJUserModule.h */ = {isa = PBXFileReference; fileEncoding = 4; lastKnownFileType = sourcecode.c.h; path = DJUserModule.h; sourceTree = "<group>"; };
		C4D4C610191F28A700E3B533 /* DJUserModule.m */ = {isa = PBXFileReference; fileEncoding = 4; lastKnownFileType = sourcecode.c.objc; path = DJUserModule.m; sourceTree = "<group>"; };
		C4D4C612191F28BD00E3B533 /* DJGroupModule.h */ = {isa = PBXFileReference; fileEncoding = 4; lastKnownFileType = sourcecode.c.h; path = DJGroupModule.h; sourceTree = "<group>"; };
		C4D4C613191F28BD00E3B533 /* DJGroupModule.m */ = {isa = PBXFileReference; fileEncoding = 4; lastKnownFileType = sourcecode.c.objc; path = DJGroupModule.m; sourceTree = "<group>"; };
		C4D4C615191F28D000E3B533 /* DJTeamModule.h */ = {isa = PBXFileReference; fileEncoding = 4; lastKnownFileType = sourcecode.c.h; path = DJTeamModule.h; sourceTree = "<group>"; };
		C4D4C616191F28D000E3B533 /* DJTeamModule.m */ = {isa = PBXFileReference; fileEncoding = 4; lastKnownFileType = sourcecode.c.objc; path = DJTeamModule.m; sourceTree = "<group>"; };
		C4D4C618191F28E600E3B533 /* DJTaskModule.h */ = {isa = PBXFileReference; fileEncoding = 4; lastKnownFileType = sourcecode.c.h; path = DJTaskModule.h; sourceTree = "<group>"; };
		C4D4C619191F28E600E3B533 /* DJTaskModule.m */ = {isa = PBXFileReference; fileEncoding = 4; lastKnownFileType = sourcecode.c.objc; path = DJTaskModule.m; sourceTree = "<group>"; };
		C4D4C61B191F290000E3B533 /* DJActionModule.h */ = {isa = PBXFileReference; fileEncoding = 4; lastKnownFileType = sourcecode.c.h; path = DJActionModule.h; sourceTree = "<group>"; };
		C4D4C61C191F290000E3B533 /* DJActionModule.m */ = {isa = PBXFileReference; fileEncoding = 4; lastKnownFileType = sourcecode.c.objc; path = DJActionModule.m; sourceTree = "<group>"; };
		C4D4C61E191F29D400E3B533 /* DJTaskCompletionMaintance.h */ = {isa = PBXFileReference; fileEncoding = 4; lastKnownFileType = sourcecode.c.h; path = DJTaskCompletionMaintance.h; sourceTree = "<group>"; };
		C4D4C61F191F29D400E3B533 /* DJTaskCompletionMaintance.m */ = {isa = PBXFileReference; fileEncoding = 4; lastKnownFileType = sourcecode.c.objc; path = DJTaskCompletionMaintance.m; sourceTree = "<group>"; };
		C4D4C621191F29F700E3B533 /* DJTaskRemindMaintance.h */ = {isa = PBXFileReference; fileEncoding = 4; lastKnownFileType = sourcecode.c.h; path = DJTaskRemindMaintance.h; sourceTree = "<group>"; };
		C4D4C622191F29F700E3B533 /* DJTaskRemindMaintance.m */ = {isa = PBXFileReference; fileEncoding = 4; lastKnownFileType = sourcecode.c.objc; path = DJTaskRemindMaintance.m; sourceTree = "<group>"; };
		C4D4C624191F2A1300E3B533 /* DJDataBase.h */ = {isa = PBXFileReference; fileEncoding = 4; lastKnownFileType = sourcecode.c.h; path = DJDataBase.h; sourceTree = "<group>"; };
		C4D4C625191F2A1300E3B533 /* DJDataBase.m */ = {isa = PBXFileReference; fileEncoding = 4; lastKnownFileType = sourcecode.c.objc; path = DJDataBase.m; sourceTree = "<group>"; };
		C4D4C627191F317A00E3B533 /* DJTaskInGroupMaintance.h */ = {isa = PBXFileReference; fileEncoding = 4; lastKnownFileType = sourcecode.c.h; path = DJTaskInGroupMaintance.h; sourceTree = "<group>"; };
		C4D4C628191F317A00E3B533 /* DJTaskInGroupMaintance.m */ = {isa = PBXFileReference; fileEncoding = 4; lastKnownFileType = sourcecode.c.objc; path = DJTaskInGroupMaintance.m; sourceTree = "<group>"; };
/* End PBXFileReference section */

/* Begin PBXFrameworksBuildPhase section */
		C4D4C5C5191F140100E3B533 /* Frameworks */ = {
			isa = PBXFrameworksBuildPhase;
			buildActionMask = 2147483647;
			files = (
				C4D4C5CE191F140100E3B533 /* CoreGraphics.framework in Frameworks */,
				C4D4C5D0191F140100E3B533 /* UIKit.framework in Frameworks */,
				C4D4C5CC191F140100E3B533 /* Foundation.framework in Frameworks */,
				1F019A102F904B549BDF8974 /* libPods.a in Frameworks */,
			);
			runOnlyForDeploymentPostprocessing = 0;
		};
		C4D4C5E0191F140100E3B533 /* Frameworks */ = {
			isa = PBXFrameworksBuildPhase;
			buildActionMask = 2147483647;
			files = (
				C4D4C5E5191F140100E3B533 /* XCTest.framework in Frameworks */,
				C4D4C5E7191F140100E3B533 /* UIKit.framework in Frameworks */,
				C4D4C5E6191F140100E3B533 /* Foundation.framework in Frameworks */,
			);
			runOnlyForDeploymentPostprocessing = 0;
		};
/* End PBXFrameworksBuildPhase section */

/* Begin PBXGroup section */
		C4D4C5BF191F140100E3B533 = {
			isa = PBXGroup;
			children = (
				C4D4C5D1191F140100E3B533 /* Progress */,
				C4D4C5EA191F140100E3B533 /* ProgressTests */,
				C4D4C5CA191F140100E3B533 /* Frameworks */,
				C4D4C5C9191F140100E3B533 /* Products */,
				4FC0F2A4172346FB9023C71B /* Pods.xcconfig */,
			);
			sourceTree = "<group>";
		};
		C4D4C5C9191F140100E3B533 /* Products */ = {
			isa = PBXGroup;
			children = (
				C4D4C5C8191F140100E3B533 /* Progress.app */,
				C4D4C5E3191F140100E3B533 /* ProgressTests.xctest */,
			);
			name = Products;
			sourceTree = "<group>";
		};
		C4D4C5CA191F140100E3B533 /* Frameworks */ = {
			isa = PBXGroup;
			children = (
				C4D4C5CB191F140100E3B533 /* Foundation.framework */,
				C4D4C5CD191F140100E3B533 /* CoreGraphics.framework */,
				C4D4C5CF191F140100E3B533 /* UIKit.framework */,
				C4D4C5E4191F140100E3B533 /* XCTest.framework */,
				6BE24F9DB7F84565BD8CDB36 /* libPods.a */,
			);
			name = Frameworks;
			sourceTree = "<group>";
		};
		C4D4C5D1191F140100E3B533 /* Progress */ = {
			isa = PBXGroup;
			children = (
				C4D4C60E191F289500E3B533 /* Module */,
				C4D4C5FC191F279F00E3B533 /* Entity */,
				C4D4C5FD191F279F00E3B533 /* Manager */,
				C4D4C5FE191F279F00E3B533 /* ViewController */,
				C4D4C5DA191F140100E3B533 /* DJAppDelegate.h */,
				C4D4C5DB191F140100E3B533 /* DJAppDelegate.m */,
				C4D4C5FA191F24C600E3B533 /* DJMainStoryBoard.storyboard */,
				C4D4C5DD191F140100E3B533 /* Images.xcassets */,
				C4D4C5D2191F140100E3B533 /* Supporting Files */,
			);
			path = Progress;
			sourceTree = "<group>";
		};
		C4D4C5D2191F140100E3B533 /* Supporting Files */ = {
			isa = PBXGroup;
			children = (
				C4D4C5D3191F140100E3B533 /* Progress-Info.plist */,
				C4D4C5D4191F140100E3B533 /* InfoPlist.strings */,
				C4D4C5D7191F140100E3B533 /* main.m */,
				C4D4C5D9191F140100E3B533 /* Progress-Prefix.pch */,
			);
			name = "Supporting Files";
			sourceTree = "<group>";
		};
		C4D4C5EA191F140100E3B533 /* ProgressTests */ = {
			isa = PBXGroup;
			children = (
				C4D4C5F0191F140100E3B533 /* ProgressTests.m */,
				C4D4C5EB191F140100E3B533 /* Supporting Files */,
			);
			path = ProgressTests;
			sourceTree = "<group>";
		};
		C4D4C5EB191F140100E3B533 /* Supporting Files */ = {
			isa = PBXGroup;
			children = (
				C4D4C5EC191F140100E3B533 /* ProgressTests-Info.plist */,
				C4D4C5ED191F140100E3B533 /* InfoPlist.strings */,
			);
			name = "Supporting Files";
			sourceTree = "<group>";
		};
		C4D4C5FC191F279F00E3B533 /* Entity */ = {
			isa = PBXGroup;
			children = (
				C4D4C5FF191F27D500E3B533 /* DJUserEntity.h */,
				C4D4C600191F27D500E3B533 /* DJUserEntity.m */,
				C4D4C602191F27E800E3B533 /* DJGroupEntity.h */,
				C4D4C603191F27E800E3B533 /* DJGroupEntity.m */,
				C4D4C605191F27FC00E3B533 /* DJTeamEntity.h */,
				C4D4C606191F27FC00E3B533 /* DJTeamEntity.m */,
				C4D4C608191F281C00E3B533 /* DJTaskEntity.h */,
				C4D4C609191F281C00E3B533 /* DJTaskEntity.m */,
				C4D4C60B191F284E00E3B533 /* DJActionEntity.h */,
				C4D4C60C191F284E00E3B533 /* DJActionEntity.m */,
			);
			path = Entity;
			sourceTree = "<group>";
		};
		C4D4C5FD191F279F00E3B533 /* Manager */ = {
			isa = PBXGroup;
			children = (
				C4D4C61E191F29D400E3B533 /* DJTaskCompletionMaintance.h */,
				C4D4C61F191F29D400E3B533 /* DJTaskCompletionMaintance.m */,
				C4D4C621191F29F700E3B533 /* DJTaskRemindMaintance.h */,
				C4D4C622191F29F700E3B533 /* DJTaskRemindMaintance.m */,
				C4D4C627191F317A00E3B533 /* DJTaskInGroupMaintance.h */,
				C4D4C628191F317A00E3B533 /* DJTaskInGroupMaintance.m */,
				C4D4C624191F2A1300E3B533 /* DJDataBase.h */,
				C4D4C625191F2A1300E3B533 /* DJDataBase.m */,
			);
			path = Manager;
			sourceTree = "<group>";
		};
		C4D4C5FE191F279F00E3B533 /* ViewController */ = {
			isa = PBXGroup;
			children = (
			);
			path = ViewController;
			sourceTree = "<group>";
		};
		C4D4C60E191F289500E3B533 /* Module */ = {
			isa = PBXGroup;
			children = (
				C4D4C60F191F28A700E3B533 /* DJUserModule.h */,
				C4D4C610191F28A700E3B533 /* DJUserModule.m */,
				C4D4C612191F28BD00E3B533 /* DJGroupModule.h */,
				C4D4C613191F28BD00E3B533 /* DJGroupModule.m */,
				C4D4C615191F28D000E3B533 /* DJTeamModule.h */,
				C4D4C616191F28D000E3B533 /* DJTeamModule.m */,
				C4D4C618191F28E600E3B533 /* DJTaskModule.h */,
				C4D4C619191F28E600E3B533 /* DJTaskModule.m */,
				C4D4C61B191F290000E3B533 /* DJActionModule.h */,
				C4D4C61C191F290000E3B533 /* DJActionModule.m */,
			);
			path = Module;
			sourceTree = "<group>";
		};
/* End PBXGroup section */

/* Begin PBXNativeTarget section */
		C4D4C5C7191F140100E3B533 /* Progress */ = {
			isa = PBXNativeTarget;
			buildConfigurationList = C4D4C5F4191F140100E3B533 /* Build configuration list for PBXNativeTarget "Progress" */;
			buildPhases = (
				5E92BF45624C447EA8839B01 /* Check Pods Manifest.lock */,
				C4D4C5C4191F140100E3B533 /* Sources */,
				C4D4C5C5191F140100E3B533 /* Frameworks */,
				C4D4C5C6191F140100E3B533 /* Resources */,
				50C1B749454B43EB9C06C4A8 /* Copy Pods Resources */,
			);
			buildRules = (
			);
			dependencies = (
			);
			name = Progress;
			productName = Progress;
			productReference = C4D4C5C8191F140100E3B533 /* Progress.app */;
			productType = "com.apple.product-type.application";
		};
		C4D4C5E2191F140100E3B533 /* ProgressTests */ = {
			isa = PBXNativeTarget;
			buildConfigurationList = C4D4C5F7191F140100E3B533 /* Build configuration list for PBXNativeTarget "ProgressTests" */;
			buildPhases = (
				C4D4C5DF191F140100E3B533 /* Sources */,
				C4D4C5E0191F140100E3B533 /* Frameworks */,
				C4D4C5E1191F140100E3B533 /* Resources */,
			);
			buildRules = (
			);
			dependencies = (
				C4D4C5E9191F140100E3B533 /* PBXTargetDependency */,
			);
			name = ProgressTests;
			productName = ProgressTests;
			productReference = C4D4C5E3191F140100E3B533 /* ProgressTests.xctest */;
			productType = "com.apple.product-type.bundle.unit-test";
		};
/* End PBXNativeTarget section */

/* Begin PBXProject section */
		C4D4C5C0191F140100E3B533 /* Project object */ = {
			isa = PBXProject;
			attributes = {
				CLASSPREFIX = DJ;
				LastUpgradeCheck = 0500;
				ORGANIZATIONNAME = dujia;
				TargetAttributes = {
					C4D4C5E2191F140100E3B533 = {
						TestTargetID = C4D4C5C7191F140100E3B533;
					};
				};
			};
			buildConfigurationList = C4D4C5C3191F140100E3B533 /* Build configuration list for PBXProject "Progress" */;
			compatibilityVersion = "Xcode 3.2";
			developmentRegion = English;
			hasScannedForEncodings = 0;
			knownRegions = (
				en,
			);
			mainGroup = C4D4C5BF191F140100E3B533;
			productRefGroup = C4D4C5C9191F140100E3B533 /* Products */;
			projectDirPath = "";
			projectRoot = "";
			targets = (
				C4D4C5C7191F140100E3B533 /* Progress */,
				C4D4C5E2191F140100E3B533 /* ProgressTests */,
			);
		};
/* End PBXProject section */

/* Begin PBXResourcesBuildPhase section */
		C4D4C5C6191F140100E3B533 /* Resources */ = {
			isa = PBXResourcesBuildPhase;
			buildActionMask = 2147483647;
			files = (
				C4D4C5FB191F24C600E3B533 /* DJMainStoryBoard.storyboard in Resources */,
				C4D4C5D6191F140100E3B533 /* InfoPlist.strings in Resources */,
				C4D4C5DE191F140100E3B533 /* Images.xcassets in Resources */,
			);
			runOnlyForDeploymentPostprocessing = 0;
		};
		C4D4C5E1191F140100E3B533 /* Resources */ = {
			isa = PBXResourcesBuildPhase;
			buildActionMask = 2147483647;
			files = (
				C4D4C5EF191F140100E3B533 /* InfoPlist.strings in Resources */,
			);
			runOnlyForDeploymentPostprocessing = 0;
		};
/* End PBXResourcesBuildPhase section */

/* Begin PBXShellScriptBuildPhase section */
		50C1B749454B43EB9C06C4A8 /* Copy Pods Resources */ = {
			isa = PBXShellScriptBuildPhase;
			buildActionMask = 2147483647;
			files = (
			);
			inputPaths = (
			);
			name = "Copy Pods Resources";
			outputPaths = (
			);
			runOnlyForDeploymentPostprocessing = 0;
			shellPath = /bin/sh;
			shellScript = "\"${SRCROOT}/Pods/Pods-resources.sh\"\n";
			showEnvVarsInLog = 0;
		};
		5E92BF45624C447EA8839B01 /* Check Pods Manifest.lock */ = {
			isa = PBXShellScriptBuildPhase;
			buildActionMask = 2147483647;
			files = (
			);
			inputPaths = (
			);
			name = "Check Pods Manifest.lock";
			outputPaths = (
			);
			runOnlyForDeploymentPostprocessing = 0;
			shellPath = /bin/sh;
			shellScript = "diff \"${PODS_ROOT}/../Podfile.lock\" \"${PODS_ROOT}/Manifest.lock\" > /dev/null\nif [[ $? != 0 ]] ; then\n    cat << EOM\nerror: The sandbox is not in sync with the Podfile.lock. Run 'pod install' or update your CocoaPods installation.\nEOM\n    exit 1\nfi\n";
			showEnvVarsInLog = 0;
		};
/* End PBXShellScriptBuildPhase section */

/* Begin PBXSourcesBuildPhase section */
		C4D4C5C4191F140100E3B533 /* Sources */ = {
			isa = PBXSourcesBuildPhase;
			buildActionMask = 2147483647;
			files = (
				C4D4C617191F28D000E3B533 /* DJTeamModule.m in Sources */,
				C4D4C61D191F290000E3B533 /* DJActionModule.m in Sources */,
				C4D4C626191F2A1300E3B533 /* DJDataBase.m in Sources */,
				C4D4C5DC191F140100E3B533 /* DJAppDelegate.m in Sources */,
				C4D4C601191F27D500E3B533 /* DJUserEntity.m in Sources */,
				C4D4C623191F29F700E3B533 /* DJTaskRemindMaintance.m in Sources */,
				C4D4C604191F27E800E3B533 /* DJGroupEntity.m in Sources */,
				C4D4C607191F27FC00E3B533 /* DJTeamEntity.m in Sources */,
				C4D4C629191F317A00E3B533 /* DJTaskInGroupMaintance.m in Sources */,
				C4D4C61A191F28E600E3B533 /* DJTaskModule.m in Sources */,
				C4D4C620191F29D400E3B533 /* DJTaskCompletionMaintance.m in Sources */,
				C4D4C611191F28A700E3B533 /* DJUserModule.m in Sources */,
				C4D4C5D8191F140100E3B533 /* main.m in Sources */,
				C4D4C60A191F281C00E3B533 /* DJTaskEntity.m in Sources */,
				C4D4C60D191F284E00E3B533 /* DJActionEntity.m in Sources */,
				C4D4C614191F28BD00E3B533 /* DJGroupModule.m in Sources */,
			);
			runOnlyForDeploymentPostprocessing = 0;
		};
		C4D4C5DF191F140100E3B533 /* Sources */ = {
			isa = PBXSourcesBuildPhase;
			buildActionMask = 2147483647;
			files = (
				C4D4C5F1191F140100E3B533 /* ProgressTests.m in Sources */,
			);
			runOnlyForDeploymentPostprocessing = 0;
		};
/* End PBXSourcesBuildPhase section */

/* Begin PBXTargetDependency section */
		C4D4C5E9191F140100E3B533 /* PBXTargetDependency */ = {
			isa = PBXTargetDependency;
			target = C4D4C5C7191F140100E3B533 /* Progress */;
			targetProxy = C4D4C5E8191F140100E3B533 /* PBXContainerItemProxy */;
		};
/* End PBXTargetDependency section */

/* Begin PBXVariantGroup section */
		C4D4C5D4191F140100E3B533 /* InfoPlist.strings */ = {
			isa = PBXVariantGroup;
			children = (
				C4D4C5D5191F140100E3B533 /* en */,
			);
			name = InfoPlist.strings;
			sourceTree = "<group>";
		};
		C4D4C5ED191F140100E3B533 /* InfoPlist.strings */ = {
			isa = PBXVariantGroup;
			children = (
				C4D4C5EE191F140100E3B533 /* en */,
			);
			name = InfoPlist.strings;
			sourceTree = "<group>";
		};
/* End PBXVariantGroup section */

/* Begin XCBuildConfiguration section */
		C4D4C5F2191F140100E3B533 /* Debug */ = {
			isa = XCBuildConfiguration;
			buildSettings = {
				ALWAYS_SEARCH_USER_PATHS = NO;
				ARCHS = "$(ARCHS_STANDARD_INCLUDING_64_BIT)";
				CLANG_CXX_LANGUAGE_STANDARD = "gnu++0x";
				CLANG_CXX_LIBRARY = "libc++";
				CLANG_ENABLE_MODULES = YES;
				CLANG_ENABLE_OBJC_ARC = YES;
				CLANG_WARN_BOOL_CONVERSION = YES;
				CLANG_WARN_CONSTANT_CONVERSION = YES;
				CLANG_WARN_DIRECT_OBJC_ISA_USAGE = YES_ERROR;
				CLANG_WARN_EMPTY_BODY = YES;
				CLANG_WARN_ENUM_CONVERSION = YES;
				CLANG_WARN_INT_CONVERSION = YES;
				CLANG_WARN_OBJC_ROOT_CLASS = YES_ERROR;
				CLANG_WARN__DUPLICATE_METHOD_MATCH = YES;
				"CODE_SIGN_IDENTITY[sdk=iphoneos*]" = "iPhone Developer";
				COPY_PHASE_STRIP = NO;
				GCC_C_LANGUAGE_STANDARD = gnu99;
				GCC_DYNAMIC_NO_PIC = NO;
				GCC_OPTIMIZATION_LEVEL = 0;
				GCC_PREPROCESSOR_DEFINITIONS = (
					"DEBUG=1",
					"$(inherited)",
				);
				GCC_SYMBOLS_PRIVATE_EXTERN = NO;
				GCC_WARN_64_TO_32_BIT_CONVERSION = YES;
				GCC_WARN_ABOUT_RETURN_TYPE = YES_ERROR;
				GCC_WARN_UNDECLARED_SELECTOR = YES;
				GCC_WARN_UNINITIALIZED_AUTOS = YES;
				GCC_WARN_UNUSED_FUNCTION = YES;
				GCC_WARN_UNUSED_VARIABLE = YES;
				IPHONEOS_DEPLOYMENT_TARGET = 7.0;
				ONLY_ACTIVE_ARCH = YES;
				SDKROOT = iphoneos;
			};
			name = Debug;
		};
		C4D4C5F3191F140100E3B533 /* Release */ = {
			isa = XCBuildConfiguration;
			buildSettings = {
				ALWAYS_SEARCH_USER_PATHS = NO;
				ARCHS = "$(ARCHS_STANDARD_INCLUDING_64_BIT)";
				CLANG_CXX_LANGUAGE_STANDARD = "gnu++0x";
				CLANG_CXX_LIBRARY = "libc++";
				CLANG_ENABLE_MODULES = YES;
				CLANG_ENABLE_OBJC_ARC = YES;
				CLANG_WARN_BOOL_CONVERSION = YES;
				CLANG_WARN_CONSTANT_CONVERSION = YES;
				CLANG_WARN_DIRECT_OBJC_ISA_USAGE = YES_ERROR;
				CLANG_WARN_EMPTY_BODY = YES;
				CLANG_WARN_ENUM_CONVERSION = YES;
				CLANG_WARN_INT_CONVERSION = YES;
				CLANG_WARN_OBJC_ROOT_CLASS = YES_ERROR;
				CLANG_WARN__DUPLICATE_METHOD_MATCH = YES;
				"CODE_SIGN_IDENTITY[sdk=iphoneos*]" = "iPhone Developer";
				COPY_PHASE_STRIP = YES;
				ENABLE_NS_ASSERTIONS = NO;
				GCC_C_LANGUAGE_STANDARD = gnu99;
				GCC_WARN_64_TO_32_BIT_CONVERSION = YES;
				GCC_WARN_ABOUT_RETURN_TYPE = YES_ERROR;
				GCC_WARN_UNDECLARED_SELECTOR = YES;
				GCC_WARN_UNINITIALIZED_AUTOS = YES;
				GCC_WARN_UNUSED_FUNCTION = YES;
				GCC_WARN_UNUSED_VARIABLE = YES;
				IPHONEOS_DEPLOYMENT_TARGET = 7.0;
				SDKROOT = iphoneos;
				VALIDATE_PRODUCT = YES;
			};
			name = Release;
		};
		C4D4C5F5191F140100E3B533 /* Debug */ = {
			isa = XCBuildConfiguration;
			baseConfigurationReference = 4FC0F2A4172346FB9023C71B /* Pods.xcconfig */;
			buildSettings = {
				ASSETCATALOG_COMPILER_APPICON_NAME = AppIcon;
				ASSETCATALOG_COMPILER_LAUNCHIMAGE_NAME = LaunchImage;
				GCC_PRECOMPILE_PREFIX_HEADER = YES;
				GCC_PREFIX_HEADER = "Progress/Progress-Prefix.pch";
				INFOPLIST_FILE = "Progress/Progress-Info.plist";
				PRODUCT_NAME = "$(TARGET_NAME)";
				WRAPPER_EXTENSION = app;
			};
			name = Debug;
		};
		C4D4C5F6191F140100E3B533 /* Release */ = {
			isa = XCBuildConfiguration;
			baseConfigurationReference = 4FC0F2A4172346FB9023C71B /* Pods.xcconfig */;
			buildSettings = {
				ASSETCATALOG_COMPILER_APPICON_NAME = AppIcon;
				ASSETCATALOG_COMPILER_LAUNCHIMAGE_NAME = LaunchImage;
				GCC_PRECOMPILE_PREFIX_HEADER = YES;
				GCC_PREFIX_HEADER = "Progress/Progress-Prefix.pch";
				INFOPLIST_FILE = "Progress/Progress-Info.plist";
				PRODUCT_NAME = "$(TARGET_NAME)";
				WRAPPER_EXTENSION = app;
			};
			name = Release;
		};
		C4D4C5F8191F140100E3B533 /* Debug */ = {
			isa = XCBuildConfiguration;
			buildSettings = {
				ARCHS = "$(ARCHS_STANDARD_INCLUDING_64_BIT)";
				BUNDLE_LOADER = "$(BUILT_PRODUCTS_DIR)/Progress.app/Progress";
				FRAMEWORK_SEARCH_PATHS = (
					"$(SDKROOT)/Developer/Library/Frameworks",
					"$(inherited)",
					"$(DEVELOPER_FRAMEWORKS_DIR)",
				);
				GCC_PRECOMPILE_PREFIX_HEADER = YES;
				GCC_PREFIX_HEADER = "Progress/Progress-Prefix.pch";
				GCC_PREPROCESSOR_DEFINITIONS = (
					"DEBUG=1",
					"$(inherited)",
				);
				INFOPLIST_FILE = "ProgressTests/ProgressTests-Info.plist";
				PRODUCT_NAME = "$(TARGET_NAME)";
				TEST_HOST = "$(BUNDLE_LOADER)";
				WRAPPER_EXTENSION = xctest;
			};
			name = Debug;
		};
		C4D4C5F9191F140100E3B533 /* Release */ = {
			isa = XCBuildConfiguration;
			buildSettings = {
				ARCHS = "$(ARCHS_STANDARD_INCLUDING_64_BIT)";
				BUNDLE_LOADER = "$(BUILT_PRODUCTS_DIR)/Progress.app/Progress";
				FRAMEWORK_SEARCH_PATHS = (
					"$(SDKROOT)/Developer/Library/Frameworks",
					"$(inherited)",
					"$(DEVELOPER_FRAMEWORKS_DIR)",
				);
				GCC_PRECOMPILE_PREFIX_HEADER = YES;
				GCC_PREFIX_HEADER = "Progress/Progress-Prefix.pch";
				INFOPLIST_FILE = "ProgressTests/ProgressTests-Info.plist";
				PRODUCT_NAME = "$(TARGET_NAME)";
				TEST_HOST = "$(BUNDLE_LOADER)";
				WRAPPER_EXTENSION = xctest;
			};
			name = Release;
		};
/* End XCBuildConfiguration section */

/* Begin XCConfigurationList section */
		C4D4C5C3191F140100E3B533 /* Build configuration list for PBXProject "Progress" */ = {
			isa = XCConfigurationList;
			buildConfigurations = (
				C4D4C5F2191F140100E3B533 /* Debug */,
				C4D4C5F3191F140100E3B533 /* Release */,
			);
			defaultConfigurationIsVisible = 0;
			defaultConfigurationName = Release;
		};
		C4D4C5F4191F140100E3B533 /* Build configuration list for PBXNativeTarget "Progress" */ = {
			isa = XCConfigurationList;
			buildConfigurations = (
				C4D4C5F5191F140100E3B533 /* Debug */,
				C4D4C5F6191F140100E3B533 /* Release */,
			);
			defaultConfigurationIsVisible = 0;
			defaultConfigurationName = Release;
		};
		C4D4C5F7191F140100E3B533 /* Build configuration list for PBXNativeTarget "ProgressTests" */ = {
			isa = XCConfigurationList;
			buildConfigurations = (
				C4D4C5F8191F140100E3B533 /* Debug */,
				C4D4C5F9191F140100E3B533 /* Release */,
			);
			defaultConfigurationIsVisible = 0;
			defaultConfigurationName = Release;
		};
/* End XCConfigurationList section */
	};
	rootObject = C4D4C5C0191F140100E3B533 /* Project object */;
}
